// !$*UTF8*$!
{
	archiveVersion = 1;
	classes = {
	};
	objectVersion = 46;
	objects = {

/* Begin PBXBuildFile section */
		0454063C21ABBFE90033BC3A /* Extensions.swift in Sources */ = {isa = PBXBuildFile; fileRef = 0454063B21ABBFE90033BC3A /* Extensions.swift */; };
		045558AE218AA6D6003D9091 /* ARAssetsViewController.swift in Sources */ = {isa = PBXBuildFile; fileRef = 045558AD218AA6D6003D9091 /* ARAssetsViewController.swift */; };
		045558B0218ADA22003D9091 /* ARVideoViewController.swift in Sources */ = {isa = PBXBuildFile; fileRef = 045558AF218ADA22003D9091 /* ARVideoViewController.swift */; };
		3546B96C1E5B92090035B84F /* AcercaDeViewController.swift in Sources */ = {isa = PBXBuildFile; fileRef = 3546B96B1E5B92090035B84F /* AcercaDeViewController.swift */; };
		3546B96E1E5B96FD0035B84F /* ListaPisosTableViewController.swift in Sources */ = {isa = PBXBuildFile; fileRef = 3546B96D1E5B96FD0035B84F /* ListaPisosTableViewController.swift */; };
		356B4D3F1E5B8F94002DD52B /* AppDelegate.swift in Sources */ = {isa = PBXBuildFile; fileRef = 356B4D3E1E5B8F94002DD52B /* AppDelegate.swift */; };
		356B4D411E5B8F94002DD52B /* FirstViewController.swift in Sources */ = {isa = PBXBuildFile; fileRef = 356B4D401E5B8F94002DD52B /* FirstViewController.swift */; };
		356B4D431E5B8F94002DD52B /* SecondViewController.swift in Sources */ = {isa = PBXBuildFile; fileRef = 356B4D421E5B8F94002DD52B /* SecondViewController.swift */; };
		356B4D461E5B8F94002DD52B /* Main.storyboard in Resources */ = {isa = PBXBuildFile; fileRef = 356B4D441E5B8F94002DD52B /* Main.storyboard */; };
		356B4D481E5B8F94002DD52B /* cdtTec.xcassets in Resources */ = {isa = PBXBuildFile; fileRef = 356B4D471E5B8F94002DD52B /* cdtTec.xcassets */; };
		356B4D4B1E5B8F94002DD52B /* LaunchScreen.storyboard in Resources */ = {isa = PBXBuildFile; fileRef = 356B4D491E5B8F94002DD52B /* LaunchScreen.storyboard */; };
		3597A18A1E5F80A1006B54D7 /* DetalleViewController.swift in Sources */ = {isa = PBXBuildFile; fileRef = 3597A1891E5F80A1006B54D7 /* DetalleViewController.swift */; };
		3988E57E21939A0C00909C7B /* PortalViewController.swift in Sources */ = {isa = PBXBuildFile; fileRef = 3988E57D21939A0C00909C7B /* PortalViewController.swift */; };
		3B6EF1D9218AB24400D1DB9D /* GeneralTableViewController.swift in Sources */ = {isa = PBXBuildFile; fileRef = 3B6EF1D8218AB24400D1DB9D /* GeneralTableViewController.swift */; };
		3B6EF1DD218AE1E500D1DB9D /* ImagenesTableViewController.swift in Sources */ = {isa = PBXBuildFile; fileRef = 3B6EF1DC218AE1E500D1DB9D /* ImagenesTableViewController.swift */; };
		3B6EF1DF218AFEEA00D1DB9D /* VideosTableViewController.swift in Sources */ = {isa = PBXBuildFile; fileRef = 3B6EF1DE218AFEEA00D1DB9D /* VideosTableViewController.swift */; };
		3B6EF1E2218B04E300D1DB9D /* ModelosTableViewController.swift in Sources */ = {isa = PBXBuildFile; fileRef = 3B6EF1E1218B04E300D1DB9D /* ModelosTableViewController.swift */; };
		3B6EF1E4218B2B3F00D1DB9D /* CheckInternet.swift in Sources */ = {isa = PBXBuildFile; fileRef = 3B6EF1E3218B2B3F00D1DB9D /* CheckInternet.swift */; };
		3B92CB7721AB37D100584B54 /* StyleGenerator.swift in Sources */ = {isa = PBXBuildFile; fileRef = 3B92CB7321AB37D100584B54 /* StyleGenerator.swift */; };
		3B92CB7821AB37D100584B54 /* CalendarNotificationController.swift in Sources */ = {isa = PBXBuildFile; fileRef = 3B92CB7421AB37D100584B54 /* CalendarNotificationController.swift */; };
		3B92CB7921AB37D100584B54 /* DatePickerControllerDelegate.swift in Sources */ = {isa = PBXBuildFile; fileRef = 3B92CB7521AB37D100584B54 /* DatePickerControllerDelegate.swift */; };
		3B92CB7A21AB37D100584B54 /* CalendarViewController.swift in Sources */ = {isa = PBXBuildFile; fileRef = 3B92CB7621AB37D100584B54 /* CalendarViewController.swift */; };
		3B92CB7C21AB486800584B54 /* CalendarioPrueba.swift in Sources */ = {isa = PBXBuildFile; fileRef = 3B92CB7B21AB486800584B54 /* CalendarioPrueba.swift */; };
		3B92CB7E21AB622B00584B54 /* AgendarViewController.swift in Sources */ = {isa = PBXBuildFile; fileRef = 3B92CB7D21AB622B00584B54 /* AgendarViewController.swift */; };
		3BB0FF39219864A400FCA763 /* Resnet50.mlmodel in Sources */ = {isa = PBXBuildFile; fileRef = 3BB0FF38219864A400FCA763 /* Resnet50.mlmodel */; };
		3BBFF24621A675D300519CE2 /* PanoTableViewController.swift in Sources */ = {isa = PBXBuildFile; fileRef = 3BBFF24521A675D300519CE2 /* PanoTableViewController.swift */; };
		3BBFF24821A67C9B00519CE2 /* MapViewController.swift in Sources */ = {isa = PBXBuildFile; fileRef = 3BBFF24721A67C9B00519CE2 /* MapViewController.swift */; };
		541A51CEC9DADB7AB65CB4CF /* Pods_Tablas201711.framework in Frameworks */ = {isa = PBXBuildFile; fileRef = B8F690F9B3D20BA6AD481213 /* Pods_Tablas201711.framework */; };
		7B385E0621877AA000901B55 /* CTPieSliceView.swift in Sources */ = {isa = PBXBuildFile; fileRef = 7B385E0421877AA000901B55 /* CTPieSliceView.swift */; };
		7B385E0721877AA000901B55 /* CTPanoramaView.swift in Sources */ = {isa = PBXBuildFile; fileRef = 7B385E0521877AA000901B55 /* CTPanoramaView.swift */; };
		7B69A75521876A74008E3F46 /* PanoramicViewController.swift in Sources */ = {isa = PBXBuildFile; fileRef = 7B69A75421876A74008E3F46 /* PanoramicViewController.swift */; };
		FAC30FB6214EE8C0000BE765 /* SalonesTableViewController.swift in Sources */ = {isa = PBXBuildFile; fileRef = FAC30FB5214EE8C0000BE765 /* SalonesTableViewController.swift */; };
/* End PBXBuildFile section */

/* Begin PBXContainerItemProxy section */
		7B69A76121877714008E3F46 /* PBXContainerItemProxy */ = {
			isa = PBXContainerItemProxy;
			containerPortal = 7B69A75C21877714008E3F46 /* CTPanoramaView.xcodeproj */;
			proxyType = 2;
			remoteGlobalIDString = CF415AAB1E55C70F002A98ED;
			remoteInfo = CTPanoramaView;
		};
		7B69A76321877714008E3F46 /* PBXContainerItemProxy */ = {
			isa = PBXContainerItemProxy;
			containerPortal = 7B69A75C21877714008E3F46 /* CTPanoramaView.xcodeproj */;
			proxyType = 2;
			remoteGlobalIDString = CF415AB41E55C70F002A98ED;
			remoteInfo = CTPanoramaViewTests;
		};
/* End PBXContainerItemProxy section */

/* Begin PBXFileReference section */
		0454063B21ABBFE90033BC3A /* Extensions.swift */ = {isa = PBXFileReference; fileEncoding = 4; lastKnownFileType = sourcecode.swift; name = Extensions.swift; path = "../../../../Downloads/ARKit-Portal-master/Portal3/Extensions.swift"; sourceTree = "<group>"; };
		045558AD218AA6D6003D9091 /* ARAssetsViewController.swift */ = {isa = PBXFileReference; lastKnownFileType = sourcecode.swift; path = ARAssetsViewController.swift; sourceTree = "<group>"; };
		045558AF218ADA22003D9091 /* ARVideoViewController.swift */ = {isa = PBXFileReference; lastKnownFileType = sourcecode.swift; path = ARVideoViewController.swift; sourceTree = "<group>"; };
		3546B96B1E5B92090035B84F /* AcercaDeViewController.swift */ = {isa = PBXFileReference; fileEncoding = 4; lastKnownFileType = sourcecode.swift; path = AcercaDeViewController.swift; sourceTree = "<group>"; };
		3546B96D1E5B96FD0035B84F /* ListaPisosTableViewController.swift */ = {isa = PBXFileReference; fileEncoding = 4; lastKnownFileType = sourcecode.swift; path = ListaPisosTableViewController.swift; sourceTree = "<group>"; };
		356B4D3B1E5B8F94002DD52B /* Tablas201711.app */ = {isa = PBXFileReference; explicitFileType = wrapper.application; includeInIndex = 0; path = Tablas201711.app; sourceTree = BUILT_PRODUCTS_DIR; };
		356B4D3E1E5B8F94002DD52B /* AppDelegate.swift */ = {isa = PBXFileReference; lastKnownFileType = sourcecode.swift; path = AppDelegate.swift; sourceTree = "<group>"; };
		356B4D401E5B8F94002DD52B /* FirstViewController.swift */ = {isa = PBXFileReference; lastKnownFileType = sourcecode.swift; path = FirstViewController.swift; sourceTree = "<group>"; };
		356B4D421E5B8F94002DD52B /* SecondViewController.swift */ = {isa = PBXFileReference; lastKnownFileType = sourcecode.swift; path = SecondViewController.swift; sourceTree = "<group>"; };
		356B4D451E5B8F94002DD52B /* Base */ = {isa = PBXFileReference; lastKnownFileType = file.storyboard; name = Base; path = Base.lproj/Main.storyboard; sourceTree = "<group>"; };
		356B4D471E5B8F94002DD52B /* cdtTec.xcassets */ = {isa = PBXFileReference; lastKnownFileType = folder.assetcatalog; path = cdtTec.xcassets; sourceTree = "<group>"; };
		356B4D4A1E5B8F94002DD52B /* Base */ = {isa = PBXFileReference; lastKnownFileType = file.storyboard; name = Base; path = Base.lproj/LaunchScreen.storyboard; sourceTree = "<group>"; };
		356B4D4C1E5B8F94002DD52B /* Info.plist */ = {isa = PBXFileReference; lastKnownFileType = text.plist.xml; path = Info.plist; sourceTree = "<group>"; };
		3597A1891E5F80A1006B54D7 /* DetalleViewController.swift */ = {isa = PBXFileReference; fileEncoding = 4; lastKnownFileType = sourcecode.swift; path = DetalleViewController.swift; sourceTree = "<group>"; };
		3988E57D21939A0C00909C7B /* PortalViewController.swift */ = {isa = PBXFileReference; lastKnownFileType = sourcecode.swift; path = PortalViewController.swift; sourceTree = "<group>"; };
		3B6EF1D8218AB24400D1DB9D /* GeneralTableViewController.swift */ = {isa = PBXFileReference; lastKnownFileType = sourcecode.swift; path = GeneralTableViewController.swift; sourceTree = "<group>"; };
		3B6EF1DC218AE1E500D1DB9D /* ImagenesTableViewController.swift */ = {isa = PBXFileReference; lastKnownFileType = sourcecode.swift; path = ImagenesTableViewController.swift; sourceTree = "<group>"; };
		3B6EF1DE218AFEEA00D1DB9D /* VideosTableViewController.swift */ = {isa = PBXFileReference; lastKnownFileType = sourcecode.swift; path = VideosTableViewController.swift; sourceTree = "<group>"; };
		3B6EF1E1218B04E300D1DB9D /* ModelosTableViewController.swift */ = {isa = PBXFileReference; lastKnownFileType = sourcecode.swift; path = ModelosTableViewController.swift; sourceTree = "<group>"; };
		3B6EF1E3218B2B3F00D1DB9D /* CheckInternet.swift */ = {isa = PBXFileReference; lastKnownFileType = sourcecode.swift; path = CheckInternet.swift; sourceTree = "<group>"; };
		3B92CB7321AB37D100584B54 /* StyleGenerator.swift */ = {isa = PBXFileReference; fileEncoding = 4; lastKnownFileType = sourcecode.swift; path = StyleGenerator.swift; sourceTree = "<group>"; };
		3B92CB7421AB37D100584B54 /* CalendarNotificationController.swift */ = {isa = PBXFileReference; fileEncoding = 4; lastKnownFileType = sourcecode.swift; path = CalendarNotificationController.swift; sourceTree = "<group>"; };
		3B92CB7521AB37D100584B54 /* DatePickerControllerDelegate.swift */ = {isa = PBXFileReference; fileEncoding = 4; lastKnownFileType = sourcecode.swift; path = DatePickerControllerDelegate.swift; sourceTree = "<group>"; };
		3B92CB7621AB37D100584B54 /* CalendarViewController.swift */ = {isa = PBXFileReference; fileEncoding = 4; lastKnownFileType = sourcecode.swift; path = CalendarViewController.swift; sourceTree = "<group>"; };
		3B92CB7B21AB486800584B54 /* CalendarioPrueba.swift */ = {isa = PBXFileReference; lastKnownFileType = sourcecode.swift; path = CalendarioPrueba.swift; sourceTree = "<group>"; };
		3B92CB7D21AB622B00584B54 /* AgendarViewController.swift */ = {isa = PBXFileReference; lastKnownFileType = sourcecode.swift; path = AgendarViewController.swift; sourceTree = "<group>"; };
		3BB0FF38219864A400FCA763 /* Resnet50.mlmodel */ = {isa = PBXFileReference; lastKnownFileType = file.mlmodel; path = Resnet50.mlmodel; sourceTree = "<group>"; };
		3BBFF24521A675D300519CE2 /* PanoTableViewController.swift */ = {isa = PBXFileReference; lastKnownFileType = sourcecode.swift; path = PanoTableViewController.swift; sourceTree = "<group>"; };
		3BBFF24721A67C9B00519CE2 /* MapViewController.swift */ = {isa = PBXFileReference; lastKnownFileType = sourcecode.swift; path = MapViewController.swift; sourceTree = "<group>"; };
		7B385E0421877AA000901B55 /* CTPieSliceView.swift */ = {isa = PBXFileReference; fileEncoding = 4; lastKnownFileType = sourcecode.swift; path = CTPieSliceView.swift; sourceTree = "<group>"; };
		7B385E0521877AA000901B55 /* CTPanoramaView.swift */ = {isa = PBXFileReference; fileEncoding = 4; lastKnownFileType = sourcecode.swift; path = CTPanoramaView.swift; sourceTree = "<group>"; };
		7B69A75421876A74008E3F46 /* PanoramicViewController.swift */ = {isa = PBXFileReference; lastKnownFileType = sourcecode.swift; path = PanoramicViewController.swift; sourceTree = "<group>"; };
		7B69A75C21877714008E3F46 /* CTPanoramaView.xcodeproj */ = {isa = PBXFileReference; lastKnownFileType = "wrapper.pb-project"; name = CTPanoramaView.xcodeproj; path = "../../Downloads/CTPanoramaView-master/CTPanoramaView.xcodeproj"; sourceTree = "<group>"; };
		90C29F5B5203F0003B70D900 /* Pods-Tablas201711.debug.xcconfig */ = {isa = PBXFileReference; includeInIndex = 1; lastKnownFileType = text.xcconfig; name = "Pods-Tablas201711.debug.xcconfig"; path = "Pods/Target Support Files/Pods-Tablas201711/Pods-Tablas201711.debug.xcconfig"; sourceTree = "<group>"; };
		B8F690F9B3D20BA6AD481213 /* Pods_Tablas201711.framework */ = {isa = PBXFileReference; explicitFileType = wrapper.framework; includeInIndex = 0; path = Pods_Tablas201711.framework; sourceTree = BUILT_PRODUCTS_DIR; };
		EC5C83291F72D93100995909 /* Pods-Tablas201711.release.xcconfig */ = {isa = PBXFileReference; includeInIndex = 1; lastKnownFileType = text.xcconfig; name = "Pods-Tablas201711.release.xcconfig"; path = "Pods/Target Support Files/Pods-Tablas201711/Pods-Tablas201711.release.xcconfig"; sourceTree = "<group>"; };
		FAC30FB5214EE8C0000BE765 /* SalonesTableViewController.swift */ = {isa = PBXFileReference; lastKnownFileType = sourcecode.swift; path = SalonesTableViewController.swift; sourceTree = "<group>"; };
/* End PBXFileReference section */

/* Begin PBXFrameworksBuildPhase section */
		356B4D381E5B8F94002DD52B /* Frameworks */ = {
			isa = PBXFrameworksBuildPhase;
			buildActionMask = 2147483647;
			files = (
				541A51CEC9DADB7AB65CB4CF /* Pods_Tablas201711.framework in Frameworks */,
			);
			runOnlyForDeploymentPostprocessing = 0;
		};
/* End PBXFrameworksBuildPhase section */

/* Begin PBXGroup section */
		356B4D321E5B8F94002DD52B = {
			isa = PBXGroup;
			children = (
				7B385E0521877AA000901B55 /* CTPanoramaView.swift */,
				7B385E0421877AA000901B55 /* CTPieSliceView.swift */,
				3B6EF1E3218B2B3F00D1DB9D /* CheckInternet.swift */,
				356B4D3D1E5B8F94002DD52B /* Tablas201711 */,
				356B4D3C1E5B8F94002DD52B /* Products */,
				E4BA8BE7C57D7D342093BBFF /* Pods */,
				F7BC5E75A1D0B407BC5C0380 /* Frameworks */,
			);
			sourceTree = "<group>";
		};
		356B4D3C1E5B8F94002DD52B /* Products */ = {
			isa = PBXGroup;
			children = (
				356B4D3B1E5B8F94002DD52B /* Tablas201711.app */,
			);
			name = Products;
			sourceTree = "<group>";
		};
		356B4D3D1E5B8F94002DD52B /* Tablas201711 */ = {
			isa = PBXGroup;
			children = (
				3BB0FF38219864A400FCA763 /* Resnet50.mlmodel */,
				356B4D3E1E5B8F94002DD52B /* AppDelegate.swift */,
				356B4D401E5B8F94002DD52B /* FirstViewController.swift */,
				356B4D421E5B8F94002DD52B /* SecondViewController.swift */,
				356B4D441E5B8F94002DD52B /* Main.storyboard */,
				3B92CB7D21AB622B00584B54 /* AgendarViewController.swift */,
				3B92CB7421AB37D100584B54 /* CalendarNotificationController.swift */,
				3B92CB7621AB37D100584B54 /* CalendarViewController.swift */,
				3B92CB7521AB37D100584B54 /* DatePickerControllerDelegate.swift */,
				3B92CB7321AB37D100584B54 /* StyleGenerator.swift */,
				3B92CB7B21AB486800584B54 /* CalendarioPrueba.swift */,
				3BBFF24721A67C9B00519CE2 /* MapViewController.swift */,
				3BBFF24521A675D300519CE2 /* PanoTableViewController.swift */,
				3B6EF1E1218B04E300D1DB9D /* ModelosTableViewController.swift */,
				FAC30FB5214EE8C0000BE765 /* SalonesTableViewController.swift */,
				356B4D471E5B8F94002DD52B /* cdtTec.xcassets */,
				356B4D491E5B8F94002DD52B /* LaunchScreen.storyboard */,
				356B4D4C1E5B8F94002DD52B /* Info.plist */,
				3546B96B1E5B92090035B84F /* AcercaDeViewController.swift */,
				3546B96D1E5B96FD0035B84F /* ListaPisosTableViewController.swift */,
				3B6EF1D8218AB24400D1DB9D /* GeneralTableViewController.swift */,
				0454063B21ABBFE90033BC3A /* Extensions.swift */,
				3597A1891E5F80A1006B54D7 /* DetalleViewController.swift */,
				3988E57D21939A0C00909C7B /* PortalViewController.swift */,
				3B6EF1DC218AE1E500D1DB9D /* ImagenesTableViewController.swift */,
				3B6EF1DE218AFEEA00D1DB9D /* VideosTableViewController.swift */,
				7B69A75421876A74008E3F46 /* PanoramicViewController.swift */,
				045558AD218AA6D6003D9091 /* ARAssetsViewController.swift */,
				045558AF218ADA22003D9091 /* ARVideoViewController.swift */,
			);
			path = Tablas201711;
			sourceTree = "<group>";
		};
		7B69A75D21877714008E3F46 /* Products */ = {
			isa = PBXGroup;
			children = (
				7B69A76221877714008E3F46 /* CTPanoramaView.framework */,
				7B69A76421877714008E3F46 /* CTPanoramaViewTests.xctest */,
			);
			name = Products;
			sourceTree = "<group>";
		};
		E4BA8BE7C57D7D342093BBFF /* Pods */ = {
			isa = PBXGroup;
			children = (
				90C29F5B5203F0003B70D900 /* Pods-Tablas201711.debug.xcconfig */,
				EC5C83291F72D93100995909 /* Pods-Tablas201711.release.xcconfig */,
			);
			name = Pods;
			sourceTree = "<group>";
		};
		F7BC5E75A1D0B407BC5C0380 /* Frameworks */ = {
			isa = PBXGroup;
			children = (
				B8F690F9B3D20BA6AD481213 /* Pods_Tablas201711.framework */,
			);
			name = Frameworks;
			sourceTree = "<group>";
		};
/* End PBXGroup section */

/* Begin PBXNativeTarget section */
		356B4D3A1E5B8F94002DD52B /* Tablas201711 */ = {
			isa = PBXNativeTarget;
			buildConfigurationList = 356B4D4F1E5B8F94002DD52B /* Build configuration list for PBXNativeTarget "Tablas201711" */;
			buildPhases = (
				069CE13732E2354346AA5630 /* [CP] Check Pods Manifest.lock */,
				356B4D371E5B8F94002DD52B /* Sources */,
				356B4D381E5B8F94002DD52B /* Frameworks */,
				356B4D391E5B8F94002DD52B /* Resources */,
				8AA2E04AA6F8490F336C468F /* [CP] Embed Pods Frameworks */,
			);
			buildRules = (
			);
			dependencies = (
			);
			name = Tablas201711;
			productName = Tablas201711;
			productReference = 356B4D3B1E5B8F94002DD52B /* Tablas201711.app */;
			productType = "com.apple.product-type.application";
		};
/* End PBXNativeTarget section */

/* Begin PBXProject section */
		356B4D331E5B8F94002DD52B /* Project object */ = {
			isa = PBXProject;
			attributes = {
				LastSwiftUpdateCheck = 0820;
				LastUpgradeCheck = 1000;
				ORGANIZATIONNAME = "Tec de Monterrey";
				TargetAttributes = {
					356B4D3A1E5B8F94002DD52B = {
						CreatedOnToolsVersion = 8.2.1;
						DevelopmentTeam = 7XX5VVLZ8F;
						LastSwiftMigration = 1000;
						ProvisioningStyle = Automatic;
					};
				};
			};
			buildConfigurationList = 356B4D361E5B8F94002DD52B /* Build configuration list for PBXProject "Tablas201711" */;
			compatibilityVersion = "Xcode 3.2";
			developmentRegion = English;
			hasScannedForEncodings = 0;
			knownRegions = (
				en,
				Base,
			);
			mainGroup = 356B4D321E5B8F94002DD52B;
			productRefGroup = 356B4D3C1E5B8F94002DD52B /* Products */;
			projectDirPath = "";
			projectReferences = (
				{
					ProductGroup = 7B69A75D21877714008E3F46 /* Products */;
					ProjectRef = 7B69A75C21877714008E3F46 /* CTPanoramaView.xcodeproj */;
				},
			);
			projectRoot = "";
			targets = (
				356B4D3A1E5B8F94002DD52B /* Tablas201711 */,
			);
		};
/* End PBXProject section */

/* Begin PBXReferenceProxy section */
		7B69A76221877714008E3F46 /* CTPanoramaView.framework */ = {
			isa = PBXReferenceProxy;
			fileType = wrapper.framework;
			path = CTPanoramaView.framework;
			remoteRef = 7B69A76121877714008E3F46 /* PBXContainerItemProxy */;
			sourceTree = BUILT_PRODUCTS_DIR;
		};
		7B69A76421877714008E3F46 /* CTPanoramaViewTests.xctest */ = {
			isa = PBXReferenceProxy;
			fileType = wrapper.cfbundle;
			path = CTPanoramaViewTests.xctest;
			remoteRef = 7B69A76321877714008E3F46 /* PBXContainerItemProxy */;
			sourceTree = BUILT_PRODUCTS_DIR;
		};
/* End PBXReferenceProxy section */

/* Begin PBXResourcesBuildPhase section */
		356B4D391E5B8F94002DD52B /* Resources */ = {
			isa = PBXResourcesBuildPhase;
			buildActionMask = 2147483647;
			files = (
				356B4D4B1E5B8F94002DD52B /* LaunchScreen.storyboard in Resources */,
				356B4D481E5B8F94002DD52B /* cdtTec.xcassets in Resources */,
				356B4D461E5B8F94002DD52B /* Main.storyboard in Resources */,
			);
			runOnlyForDeploymentPostprocessing = 0;
		};
/* End PBXResourcesBuildPhase section */

/* Begin PBXShellScriptBuildPhase section */
		069CE13732E2354346AA5630 /* [CP] Check Pods Manifest.lock */ = {
			isa = PBXShellScriptBuildPhase;
			buildActionMask = 2147483647;
			files = (
			);
			inputFileListPaths = (
			);
			inputPaths = (
				"${PODS_PODFILE_DIR_PATH}/Podfile.lock",
				"${PODS_ROOT}/Manifest.lock",
			);
			name = "[CP] Check Pods Manifest.lock";
			outputFileListPaths = (
			);
			outputPaths = (
				"$(DERIVED_FILE_DIR)/Pods-Tablas201711-checkManifestLockResult.txt",
			);
			runOnlyForDeploymentPostprocessing = 0;
			shellPath = /bin/sh;
			shellScript = "diff \"${PODS_PODFILE_DIR_PATH}/Podfile.lock\" \"${PODS_ROOT}/Manifest.lock\" > /dev/null\nif [ $? != 0 ] ; then\n    # print error to STDERR\n    echo \"error: The sandbox is not in sync with the Podfile.lock. Run 'pod install' or update your CocoaPods installation.\" >&2\n    exit 1\nfi\n# This output is used by Xcode 'outputs' to avoid re-running this script phase.\necho \"SUCCESS\" > \"${SCRIPT_OUTPUT_FILE_0}\"\n";
			showEnvVarsInLog = 0;
		};
		8AA2E04AA6F8490F336C468F /* [CP] Embed Pods Frameworks */ = {
			isa = PBXShellScriptBuildPhase;
			buildActionMask = 2147483647;
			files = (
			);
			inputFileListPaths = (
			);
			inputPaths = (
				"${SRCROOT}/Pods/Target Support Files/Pods-Tablas201711/Pods-Tablas201711-frameworks.sh",
				"${BUILT_PRODUCTS_DIR}/CalendarKit/CalendarKit.framework",
				"${BUILT_PRODUCTS_DIR}/DateToolsSwift/DateToolsSwift.framework",
				"${BUILT_PRODUCTS_DIR}/Neon/Neon.framework",
			);
			name = "[CP] Embed Pods Frameworks";
			outputFileListPaths = (
			);
			outputPaths = (
				"${TARGET_BUILD_DIR}/${FRAMEWORKS_FOLDER_PATH}/CalendarKit.framework",
				"${TARGET_BUILD_DIR}/${FRAMEWORKS_FOLDER_PATH}/DateToolsSwift.framework",
				"${TARGET_BUILD_DIR}/${FRAMEWORKS_FOLDER_PATH}/Neon.framework",
			);
			runOnlyForDeploymentPostprocessing = 0;
			shellPath = /bin/sh;
			shellScript = "\"${SRCROOT}/Pods/Target Support Files/Pods-Tablas201711/Pods-Tablas201711-frameworks.sh\"\n";
			showEnvVarsInLog = 0;
		};
/* End PBXShellScriptBuildPhase section */

/* Begin PBXSourcesBuildPhase section */
		356B4D371E5B8F94002DD52B /* Sources */ = {
			isa = PBXSourcesBuildPhase;
			buildActionMask = 2147483647;
			files = (
				3B92CB7921AB37D100584B54 /* DatePickerControllerDelegate.swift in Sources */,
				3B6EF1DF218AFEEA00D1DB9D /* VideosTableViewController.swift in Sources */,
				3597A18A1E5F80A1006B54D7 /* DetalleViewController.swift in Sources */,
				7B69A75521876A74008E3F46 /* PanoramicViewController.swift in Sources */,
				045558AE218AA6D6003D9091 /* ARAssetsViewController.swift in Sources */,
				3B92CB7A21AB37D100584B54 /* CalendarViewController.swift in Sources */,
				3B92CB7C21AB486800584B54 /* CalendarioPrueba.swift in Sources */,
				045558B0218ADA22003D9091 /* ARVideoViewController.swift in Sources */,
				3B92CB7E21AB622B00584B54 /* AgendarViewController.swift in Sources */,
				3BBFF24621A675D300519CE2 /* PanoTableViewController.swift in Sources */,
				3B6EF1E4218B2B3F00D1DB9D /* CheckInternet.swift in Sources */,
				7B385E0721877AA000901B55 /* CTPanoramaView.swift in Sources */,
				356B4D431E5B8F94002DD52B /* SecondViewController.swift in Sources */,
				3B6EF1DD218AE1E500D1DB9D /* ImagenesTableViewController.swift in Sources */,
				356B4D3F1E5B8F94002DD52B /* AppDelegate.swift in Sources */,
				3BB0FF39219864A400FCA763 /* Resnet50.mlmodel in Sources */,
				3B6EF1D9218AB24400D1DB9D /* GeneralTableViewController.swift in Sources */,
				3B92CB7721AB37D100584B54 /* StyleGenerator.swift in Sources */,
				3BBFF24821A67C9B00519CE2 /* MapViewController.swift in Sources */,
				3B6EF1E2218B04E300D1DB9D /* ModelosTableViewController.swift in Sources */,
				3546B96C1E5B92090035B84F /* AcercaDeViewController.swift in Sources */,
				3B92CB7821AB37D100584B54 /* CalendarNotificationController.swift in Sources */,
				3988E57E21939A0C00909C7B /* PortalViewController.swift in Sources */,
				7B385E0621877AA000901B55 /* CTPieSliceView.swift in Sources */,
				356B4D411E5B8F94002DD52B /* FirstViewController.swift in Sources */,
				FAC30FB6214EE8C0000BE765 /* SalonesTableViewController.swift in Sources */,
				3546B96E1E5B96FD0035B84F /* ListaPisosTableViewController.swift in Sources */,
				0454063C21ABBFE90033BC3A /* Extensions.swift in Sources */,
			);
			runOnlyForDeploymentPostprocessing = 0;
		};
/* End PBXSourcesBuildPhase section */

/* Begin PBXVariantGroup section */
		356B4D441E5B8F94002DD52B /* Main.storyboard */ = {
			isa = PBXVariantGroup;
			children = (
				356B4D451E5B8F94002DD52B /* Base */,
			);
			name = Main.storyboard;
			sourceTree = "<group>";
		};
		356B4D491E5B8F94002DD52B /* LaunchScreen.storyboard */ = {
			isa = PBXVariantGroup;
			children = (
				356B4D4A1E5B8F94002DD52B /* Base */,
			);
			name = LaunchScreen.storyboard;
			sourceTree = "<group>";
		};
/* End PBXVariantGroup section */

/* Begin XCBuildConfiguration section */
		356B4D4D1E5B8F94002DD52B /* Debug */ = {
			isa = XCBuildConfiguration;
			buildSettings = {
				ALWAYS_SEARCH_USER_PATHS = NO;
				CLANG_ANALYZER_NONNULL = YES;
				CLANG_CXX_LANGUAGE_STANDARD = "gnu++0x";
				CLANG_CXX_LIBRARY = "libc++";
				CLANG_ENABLE_MODULES = YES;
				CLANG_ENABLE_OBJC_ARC = YES;
				CLANG_WARN_BLOCK_CAPTURE_AUTORELEASING = YES;
				CLANG_WARN_BOOL_CONVERSION = YES;
				CLANG_WARN_COMMA = YES;
				CLANG_WARN_CONSTANT_CONVERSION = YES;
				CLANG_WARN_DEPRECATED_OBJC_IMPLEMENTATIONS = YES;
				CLANG_WARN_DIRECT_OBJC_ISA_USAGE = YES_ERROR;
				CLANG_WARN_DOCUMENTATION_COMMENTS = YES;
				CLANG_WARN_EMPTY_BODY = YES;
				CLANG_WARN_ENUM_CONVERSION = YES;
				CLANG_WARN_INFINITE_RECURSION = YES;
				CLANG_WARN_INT_CONVERSION = YES;
				CLANG_WARN_NON_LITERAL_NULL_CONVERSION = YES;
				CLANG_WARN_OBJC_IMPLICIT_RETAIN_SELF = YES;
				CLANG_WARN_OBJC_LITERAL_CONVERSION = YES;
				CLANG_WARN_OBJC_ROOT_CLASS = YES_ERROR;
				CLANG_WARN_RANGE_LOOP_ANALYSIS = YES;
				CLANG_WARN_STRICT_PROTOTYPES = YES;
				CLANG_WARN_SUSPICIOUS_MOVE = YES;
				CLANG_WARN_UNREACHABLE_CODE = YES;
				CLANG_WARN__DUPLICATE_METHOD_MATCH = YES;
				"CODE_SIGN_IDENTITY[sdk=iphoneos*]" = "iPhone Developer";
				COPY_PHASE_STRIP = NO;
				DEBUG_INFORMATION_FORMAT = dwarf;
				ENABLE_STRICT_OBJC_MSGSEND = YES;
				ENABLE_TESTABILITY = YES;
				GCC_C_LANGUAGE_STANDARD = gnu99;
				GCC_DYNAMIC_NO_PIC = NO;
				GCC_NO_COMMON_BLOCKS = YES;
				GCC_OPTIMIZATION_LEVEL = 0;
				GCC_PREPROCESSOR_DEFINITIONS = (
					"DEBUG=1",
					"$(inherited)",
				);
				GCC_WARN_64_TO_32_BIT_CONVERSION = YES;
				GCC_WARN_ABOUT_RETURN_TYPE = YES_ERROR;
				GCC_WARN_UNDECLARED_SELECTOR = YES;
				GCC_WARN_UNINITIALIZED_AUTOS = YES_AGGRESSIVE;
				GCC_WARN_UNUSED_FUNCTION = YES;
				GCC_WARN_UNUSED_VARIABLE = YES;
				IPHONEOS_DEPLOYMENT_TARGET = 10.2;
				MTL_ENABLE_DEBUG_INFO = YES;
				ONLY_ACTIVE_ARCH = YES;
				SDKROOT = iphoneos;
				SWIFT_ACTIVE_COMPILATION_CONDITIONS = DEBUG;
				SWIFT_OPTIMIZATION_LEVEL = "-Onone";
				TARGETED_DEVICE_FAMILY = "1,2";
			};
			name = Debug;
		};
		356B4D4E1E5B8F94002DD52B /* Release */ = {
			isa = XCBuildConfiguration;
			buildSettings = {
				ALWAYS_SEARCH_USER_PATHS = NO;
				CLANG_ANALYZER_NONNULL = YES;
				CLANG_CXX_LANGUAGE_STANDARD = "gnu++0x";
				CLANG_CXX_LIBRARY = "libc++";
				CLANG_ENABLE_MODULES = YES;
				CLANG_ENABLE_OBJC_ARC = YES;
				CLANG_WARN_BLOCK_CAPTURE_AUTORELEASING = YES;
				CLANG_WARN_BOOL_CONVERSION = YES;
				CLANG_WARN_COMMA = YES;
				CLANG_WARN_CONSTANT_CONVERSION = YES;
				CLANG_WARN_DEPRECATED_OBJC_IMPLEMENTATIONS = YES;
				CLANG_WARN_DIRECT_OBJC_ISA_USAGE = YES_ERROR;
				CLANG_WARN_DOCUMENTATION_COMMENTS = YES;
				CLANG_WARN_EMPTY_BODY = YES;
				CLANG_WARN_ENUM_CONVERSION = YES;
				CLANG_WARN_INFINITE_RECURSION = YES;
				CLANG_WARN_INT_CONVERSION = YES;
				CLANG_WARN_NON_LITERAL_NULL_CONVERSION = YES;
				CLANG_WARN_OBJC_IMPLICIT_RETAIN_SELF = YES;
				CLANG_WARN_OBJC_LITERAL_CONVERSION = YES;
				CLANG_WARN_OBJC_ROOT_CLASS = YES_ERROR;
				CLANG_WARN_RANGE_LOOP_ANALYSIS = YES;
				CLANG_WARN_STRICT_PROTOTYPES = YES;
				CLANG_WARN_SUSPICIOUS_MOVE = YES;
				CLANG_WARN_UNREACHABLE_CODE = YES;
				CLANG_WARN__DUPLICATE_METHOD_MATCH = YES;
				"CODE_SIGN_IDENTITY[sdk=iphoneos*]" = "iPhone Developer";
				COPY_PHASE_STRIP = NO;
				DEBUG_INFORMATION_FORMAT = "dwarf-with-dsym";
				ENABLE_NS_ASSERTIONS = NO;
				ENABLE_STRICT_OBJC_MSGSEND = YES;
				GCC_C_LANGUAGE_STANDARD = gnu99;
				GCC_NO_COMMON_BLOCKS = YES;
				GCC_WARN_64_TO_32_BIT_CONVERSION = YES;
				GCC_WARN_ABOUT_RETURN_TYPE = YES_ERROR;
				GCC_WARN_UNDECLARED_SELECTOR = YES;
				GCC_WARN_UNINITIALIZED_AUTOS = YES_AGGRESSIVE;
				GCC_WARN_UNUSED_FUNCTION = YES;
				GCC_WARN_UNUSED_VARIABLE = YES;
				IPHONEOS_DEPLOYMENT_TARGET = 10.2;
				MTL_ENABLE_DEBUG_INFO = NO;
				SDKROOT = iphoneos;
				SWIFT_OPTIMIZATION_LEVEL = "-Owholemodule";
				TARGETED_DEVICE_FAMILY = "1,2";
				VALIDATE_PRODUCT = YES;
			};
			name = Release;
		};
		356B4D501E5B8F94002DD52B /* Debug */ = {
			isa = XCBuildConfiguration;
			baseConfigurationReference = 90C29F5B5203F0003B70D900 /* Pods-Tablas201711.debug.xcconfig */;
			buildSettings = {
				ALWAYS_EMBED_SWIFT_STANDARD_LIBRARIES = YES;
				ASSETCATALOG_COMPILER_APPICON_NAME = AppIcon;
				DEVELOPMENT_TEAM = 7XX5VVLZ8F;
				EMBED_ASSET_PACKS_IN_PRODUCT_BUNDLE = YES;
				INFOPLIST_FILE = Tablas201711/Info.plist;
				IPHONEOS_DEPLOYMENT_TARGET = 12.0;
				LD_RUNPATH_SEARCH_PATHS = "$(inherited) @executable_path/Frameworks";
				PRODUCT_BUNDLE_IDENTIFIER = "ICEDETEC-";
				PRODUCT_NAME = "$(TARGET_NAME)";
				SWIFT_SWIFT3_OBJC_INFERENCE = On;
				SWIFT_VERSION = 4.2;
			};
			name = Debug;
		};
		356B4D511E5B8F94002DD52B /* Release */ = {
			isa = XCBuildConfiguration;
			baseConfigurationReference = EC5C83291F72D93100995909 /* Pods-Tablas201711.release.xcconfig */;
			buildSettings = {
				ALWAYS_EMBED_SWIFT_STANDARD_LIBRARIES = YES;
				ASSETCATALOG_COMPILER_APPICON_NAME = AppIcon;
				DEVELOPMENT_TEAM = 7XX5VVLZ8F;
				EMBED_ASSET_PACKS_IN_PRODUCT_BUNDLE = YES;
				INFOPLIST_FILE = Tablas201711/Info.plist;
				IPHONEOS_DEPLOYMENT_TARGET = 12.0;
				LD_RUNPATH_SEARCH_PATHS = "$(inherited) @executable_path/Frameworks";
				PRODUCT_BUNDLE_IDENTIFIER = "ICEDETEC-";
				PRODUCT_NAME = "$(TARGET_NAME)";
				SWIFT_SWIFT3_OBJC_INFERENCE = On;
				SWIFT_VERSION = 4.2;
			};
			name = Release;
		};
/* End XCBuildConfiguration section */

/* Begin XCConfigurationList section */
		356B4D361E5B8F94002DD52B /* Build configuration list for PBXProject "Tablas201711" */ = {
			isa = XCConfigurationList;
			buildConfigurations = (
				356B4D4D1E5B8F94002DD52B /* Debug */,
				356B4D4E1E5B8F94002DD52B /* Release */,
			);
			defaultConfigurationIsVisible = 0;
			defaultConfigurationName = Release;
		};
		356B4D4F1E5B8F94002DD52B /* Build configuration list for PBXNativeTarget "Tablas201711" */ = {
			isa = XCConfigurationList;
			buildConfigurations = (
				356B4D501E5B8F94002DD52B /* Debug */,
				356B4D511E5B8F94002DD52B /* Release */,
			);
			defaultConfigurationIsVisible = 0;
			defaultConfigurationName = Release;
		};
/* End XCConfigurationList section */
	};
	rootObject = 356B4D331E5B8F94002DD52B /* Project object */;
}
